
Microsoft Visual Studio Solution File, Format Version 12.00
# Visual Studio Version 17
VisualStudioVersion = 17.5.33516.290
MinimumVisualStudioVersion = 10.0.40219.1
Project("{2150E333-8FDC-42A3-9474-1A3956D46DE8}") = "SRC", "SRC", "{04B7ED36-7DAE-41B5-A042-79C2026E751D}"
EndProject
Project("{2150E333-8FDC-42A3-9474-1A3956D46DE8}") = "00.Core", "00.Core", "{29CC64A8-3353-4413-89B3-A9F247A31AA4}"
EndProject
Project("{2150E333-8FDC-42A3-9474-1A3956D46DE8}") = "01.EnterpriseBusinessRules", "01.EnterpriseBusinessRules", "{10223DB3-A0D2-4A71-92E3-CD6AE3B437E5}"
EndProject
Project("{9A19103F-16F7-4668-BE54-9A1E7A4F7556}") = "VideoClub.Etities", "VideoClub.EBR\VideoClub.Etities.csproj", "{0B8E2492-4D3A-4562-987D-0F256E0900B0}"
EndProject
Project("{2150E333-8FDC-42A3-9474-1A3956D46DE8}") = "02.ApplicationBusinessRules", "02.ApplicationBusinessRules", "{EA0A97FC-CE16-47C6-9EEF-E0D4A96E24FB}"
EndProject
Project("{2150E333-8FDC-42A3-9474-1A3956D46DE8}") = "UseCases", "UseCases", "{020B5175-598D-481D-8DBE-7986A8373668}"
EndProject
Project("{2150E333-8FDC-42A3-9474-1A3956D46DE8}") = "BusinessObject", "BusinessObject", "{41BB12EF-C4D1-4FAA-AE9B-7AF46D148673}"
EndProject
Project("{9A19103F-16F7-4668-BE54-9A1E7A4F7556}") = "ViveoClub.BusinessRules", "ViveoClub.BusinessRules\ViveoClub.BusinessRules.csproj", "{687D9CB3-70E8-41E7-A14A-1D5928D57AD1}"
EndProject
Project("{9A19103F-16F7-4668-BE54-9A1E7A4F7556}") = "VideoClub.UseCases", "VideoClub.UserCases\VideoClub.UseCases.csproj", "{5F8693A8-627D-49A6-B582-8757C46CD2A9}"
EndProject
Project("{2150E333-8FDC-42A3-9474-1A3956D46DE8}") = "03.InterfaceAdapter", "03.InterfaceAdapter", "{AC1C5D66-1091-4252-BE24-7BD4F613C46F}"
EndProject
Project("{2150E333-8FDC-42A3-9474-1A3956D46DE8}") = "Controllers", "Controllers", "{2816173E-CD36-4C4A-A3D4-12C3D32FED04}"
EndProject
Project("{FAE04EC0-301F-11D3-BF4B-00C04F79EFBC}") = "VideoClub.Controllers", "VideoClub.Controllers\VideoClub.Controllers.csproj", "{96B015D1-1181-42DC-840E-D1510FCF5BBF}"
EndProject
Project("{2150E333-8FDC-42A3-9474-1A3956D46DE8}") = "Presenters", "Presenters", "{3F84F528-F2E1-4D62-BEF9-D10B0F597FB7}"
EndProject
Project("{FAE04EC0-301F-11D3-BF4B-00C04F79EFBC}") = "VideoClub.Presenters", "VideoClub,Presenters\VideoClub.Presenters.csproj", "{A1A677F4-D75F-46B7-B09C-EE0A428877CD}"
EndProject
Project("{2150E333-8FDC-42A3-9474-1A3956D46DE8}") = "Getways", "Getways", "{0536DD0B-AA89-4E64-9468-A0D968A1B728}"
EndProject
Project("{2150E333-8FDC-42A3-9474-1A3956D46DE8}") = "Repository", "Repository", "{EBBFE5EB-6720-4728-B86C-314EF406D38C}"
EndProject
Project("{FAE04EC0-301F-11D3-BF4B-00C04F79EFBC}") = "VideoClub.Repository", "VideoClub.Getways\VideoClub.Repository.csproj", "{1B44707F-6A28-4D79-9220-CB4C5ED1C23C}"
EndProject
Project("{2150E333-8FDC-42A3-9474-1A3956D46DE8}") = "04.Frameworks&Drivers", "04.Frameworks&Drivers", "{E80945AE-D0BC-465D-AB25-363E7509B671}"
EndProject
Project("{2150E333-8FDC-42A3-9474-1A3956D46DE8}") = "WebApi", "WebApi", "{F46BC7B7-2E84-4C13-8F74-AF4594FDDC8B}"
EndProject
Project("{FAE04EC0-301F-11D3-BF4B-00C04F79EFBC}") = "VideoClub.WebApi", "VideoClub.WebApi\VideoClub.WebApi.csproj", "{831047CD-D0FD-4C5C-A8FD-1976B4824EED}"
EndProject
Project("{2150E333-8FDC-42A3-9474-1A3956D46DE8}") = "DependencyInversion", "DependencyInversion", "{44C68B4E-6046-47D8-A77C-5379F37B3906}"
EndProject
Project("{FAE04EC0-301F-11D3-BF4B-00C04F79EFBC}") = "VideoClub.DependencyInversion", "VideoClub.DependencyInversion\VideoClub.DependencyInversion.csproj", "{16B71B07-2BD7-4FFD-AE81-8AB6F090A4CA}"
EndProject
Global
	GlobalSection(SolutionConfigurationPlatforms) = preSolution
		Debug|Any CPU = Debug|Any CPU
		Release|Any CPU = Release|Any CPU
	EndGlobalSection
	GlobalSection(ProjectConfigurationPlatforms) = postSolution
		{0B8E2492-4D3A-4562-987D-0F256E0900B0}.Debug|Any CPU.ActiveCfg = Debug|Any CPU
		{0B8E2492-4D3A-4562-987D-0F256E0900B0}.Debug|Any CPU.Build.0 = Debug|Any CPU
		{0B8E2492-4D3A-4562-987D-0F256E0900B0}.Release|Any CPU.ActiveCfg = Release|Any CPU
		{0B8E2492-4D3A-4562-987D-0F256E0900B0}.Release|Any CPU.Build.0 = Release|Any CPU
		{687D9CB3-70E8-41E7-A14A-1D5928D57AD1}.Debug|Any CPU.ActiveCfg = Debug|Any CPU
		{687D9CB3-70E8-41E7-A14A-1D5928D57AD1}.Debug|Any CPU.Build.0 = Debug|Any CPU
		{687D9CB3-70E8-41E7-A14A-1D5928D57AD1}.Release|Any CPU.ActiveCfg = Release|Any CPU
		{687D9CB3-70E8-41E7-A14A-1D5928D57AD1}.Release|Any CPU.Build.0 = Release|Any CPU
		{5F8693A8-627D-49A6-B582-8757C46CD2A9}.Debug|Any CPU.ActiveCfg = Debug|Any CPU
		{5F8693A8-627D-49A6-B582-8757C46CD2A9}.Debug|Any CPU.Build.0 = Debug|Any CPU
		{5F8693A8-627D-49A6-B582-8757C46CD2A9}.Release|Any CPU.ActiveCfg = Release|Any CPU
		{5F8693A8-627D-49A6-B582-8757C46CD2A9}.Release|Any CPU.Build.0 = Release|Any CPU
		{96B015D1-1181-42DC-840E-D1510FCF5BBF}.Debug|Any CPU.ActiveCfg = Debug|Any CPU
		{96B015D1-1181-42DC-840E-D1510FCF5BBF}.Debug|Any CPU.Build.0 = Debug|Any CPU
		{96B015D1-1181-42DC-840E-D1510FCF5BBF}.Release|Any CPU.ActiveCfg = Release|Any CPU
		{96B015D1-1181-42DC-840E-D1510FCF5BBF}.Release|Any CPU.Build.0 = Release|Any CPU
		{A1A677F4-D75F-46B7-B09C-EE0A428877CD}.Debug|Any CPU.ActiveCfg = Debug|Any CPU
		{A1A677F4-D75F-46B7-B09C-EE0A428877CD}.Debug|Any CPU.Build.0 = Debug|Any CPU
		{A1A677F4-D75F-46B7-B09C-EE0A428877CD}.Release|Any CPU.ActiveCfg = Release|Any CPU
		{A1A677F4-D75F-46B7-B09C-EE0A428877CD}.Release|Any CPU.Build.0 = Release|Any CPU
		{1B44707F-6A28-4D79-9220-CB4C5ED1C23C}.Debug|Any CPU.ActiveCfg = Debug|Any CPU
		{1B44707F-6A28-4D79-9220-CB4C5ED1C23C}.Debug|Any CPU.Build.0 = Debug|Any CPU
		{1B44707F-6A28-4D79-9220-CB4C5ED1C23C}.Release|Any CPU.ActiveCfg = Release|Any CPU
		{1B44707F-6A28-4D79-9220-CB4C5ED1C23C}.Release|Any CPU.Build.0 = Release|Any CPU
		{831047CD-D0FD-4C5C-A8FD-1976B4824EED}.Debug|Any CPU.ActiveCfg = Debug|Any CPU
		{831047CD-D0FD-4C5C-A8FD-1976B4824EED}.Debug|Any CPU.Build.0 = Debug|Any CPU
		{831047CD-D0FD-4C5C-A8FD-1976B4824EED}.Release|Any CPU.ActiveCfg = Release|Any CPU
		{831047CD-D0FD-4C5C-A8FD-1976B4824EED}.Release|Any CPU.Build.0 = Release|Any CPU
		{16B71B07-2BD7-4FFD-AE81-8AB6F090A4CA}.Debug|Any CPU.ActiveCfg = Debug|Any CPU
		{16B71B07-2BD7-4FFD-AE81-8AB6F090A4CA}.Debug|Any CPU.Build.0 = Debug|Any CPU
		{16B71B07-2BD7-4FFD-AE81-8AB6F090A4CA}.Release|Any CPU.ActiveCfg = Release|Any CPU
		{16B71B07-2BD7-4FFD-AE81-8AB6F090A4CA}.Release|Any CPU.Build.0 = Release|Any CPU
	EndGlobalSection
	GlobalSection(SolutionProperties) = preSolution
		HideSolutionNode = FALSE
	EndGlobalSection
	GlobalSection(NestedProjects) = preSolution
		{29CC64A8-3353-4413-89B3-A9F247A31AA4} = {04B7ED36-7DAE-41B5-A042-79C2026E751D}
		{10223DB3-A0D2-4A71-92E3-CD6AE3B437E5} = {29CC64A8-3353-4413-89B3-A9F247A31AA4}
		{0B8E2492-4D3A-4562-987D-0F256E0900B0} = {10223DB3-A0D2-4A71-92E3-CD6AE3B437E5}
		{EA0A97FC-CE16-47C6-9EEF-E0D4A96E24FB} = {29CC64A8-3353-4413-89B3-A9F247A31AA4}
		{020B5175-598D-481D-8DBE-7986A8373668} = {EA0A97FC-CE16-47C6-9EEF-E0D4A96E24FB}
		{41BB12EF-C4D1-4FAA-AE9B-7AF46D148673} = {EA0A97FC-CE16-47C6-9EEF-E0D4A96E24FB}
		{687D9CB3-70E8-41E7-A14A-1D5928D57AD1} = {41BB12EF-C4D1-4FAA-AE9B-7AF46D148673}
		{5F8693A8-627D-49A6-B582-8757C46CD2A9} = {020B5175-598D-481D-8DBE-7986A8373668}
		{AC1C5D66-1091-4252-BE24-7BD4F613C46F} = {04B7ED36-7DAE-41B5-A042-79C2026E751D}
		{2816173E-CD36-4C4A-A3D4-12C3D32FED04} = {AC1C5D66-1091-4252-BE24-7BD4F613C46F}
		{96B015D1-1181-42DC-840E-D1510FCF5BBF} = {2816173E-CD36-4C4A-A3D4-12C3D32FED04}
		{3F84F528-F2E1-4D62-BEF9-D10B0F597FB7} = {AC1C5D66-1091-4252-BE24-7BD4F613C46F}
		{A1A677F4-D75F-46B7-B09C-EE0A428877CD} = {3F84F528-F2E1-4D62-BEF9-D10B0F597FB7}
		{0536DD0B-AA89-4E64-9468-A0D968A1B728} = {AC1C5D66-1091-4252-BE24-7BD4F613C46F}
		{EBBFE5EB-6720-4728-B86C-314EF406D38C} = {0536DD0B-AA89-4E64-9468-A0D968A1B728}
		{1B44707F-6A28-4D79-9220-CB4C5ED1C23C} = {EBBFE5EB-6720-4728-B86C-314EF406D38C}
		{E80945AE-D0BC-465D-AB25-363E7509B671} = {04B7ED36-7DAE-41B5-A042-79C2026E751D}
		{F46BC7B7-2E84-4C13-8F74-AF4594FDDC8B} = {E80945AE-D0BC-465D-AB25-363E7509B671}
		{831047CD-D0FD-4C5C-A8FD-1976B4824EED} = {F46BC7B7-2E84-4C13-8F74-AF4594FDDC8B}
		{44C68B4E-6046-47D8-A77C-5379F37B3906} = {AC1C5D66-1091-4252-BE24-7BD4F613C46F}
		{16B71B07-2BD7-4FFD-AE81-8AB6F090A4CA} = {44C68B4E-6046-47D8-A77C-5379F37B3906}
	EndGlobalSection
	GlobalSection(ExtensibilityGlobals) = postSolution
		SolutionGuid = {520AC97C-1F20-4359-A812-4401570DEB6F}
	EndGlobalSection
EndGlobal
